
Microsoft Visual Studio Solution File, Format Version 12.00
# Visual Studio 15
VisualStudioVersion = 15.0.27004.2006
MinimumVisualStudioVersion = 10.0.40219.1
Project("{FAE04EC0-301F-11D3-BF4B-00C04F79EFBC}") = "DebugMultiThread", "DebugMultiThread\DebugMultiThread.csproj", "{B90839EB-AA80-40BF-9FFC-2D934EAA9303}"
EndProject
Global
	GlobalSection(SolutionConfigurationPlatforms) = preSolution
		Debug|Any CPU = Debug|Any CPU
		Release|Any CPU = Release|Any CPU
	EndGlobalSection
	GlobalSection(ProjectConfigurationPlatforms) = postSolution
		{B90839EB-AA80-40BF-9FFC-2D934EAA9303}.Debug|Any CPU.ActiveCfg = Debug|Any CPU
		{B90839EB-AA80-40BF-9FFC-2D934EAA9303}.Debug|Any CPU.Build.0 = Debug|Any CPU
		{B90839EB-AA80-40BF-9FFC-2D934EAA9303}.Release|Any CPU.ActiveCfg = Release|Any CPU
		{B90839EB-AA80-40BF-9FFC-2D934EAA9303}.Release|Any CPU.Build.0 = Release|Any CPU
	EndGlobalSection
	GlobalSection(SolutionProperties) = preSolution
		HideSolutionNode = FALSE
	EndGlobalSection
	GlobalSection(ExtensibilityGlobals) = postSolution
		SolutionGuid = {D4591F5A-4F01-4A21-9F76-0DD93D090976}
	EndGlobalSection
EndGlobal
